
Microsoft Visual Studio Solution File, Format Version 12.00
# Visual Studio Version 17
Project("{2150E333-8FDC-42A3-9474-1A3956D46DE8}") = "Engine", "Engine", "{8249BEE1-6EAC-4D86-1732-863C03741909}"
EndProject
Project("{8BC9CEB8-8B4A-11D0-8D11-00A0C91BC942}") = "RadiantEngine", "RadiantEngine\RadiantEngine.vcxproj", "{BEAAF757-2A6B-738E-F3A5-BC0B5F25B86A}"
EndProject
Global
	GlobalSection(SolutionConfigurationPlatforms) = preSolution
		Debug|x64 = Debug|x64
		Release|x64 = Release|x64
		Shipping|x64 = Shipping|x64
	EndGlobalSection
	GlobalSection(ProjectConfigurationPlatforms) = postSolution
		{BEAAF757-2A6B-738E-F3A5-BC0B5F25B86A}.Debug|x64.ActiveCfg = Debug|x64
		{BEAAF757-2A6B-738E-F3A5-BC0B5F25B86A}.Debug|x64.Build.0 = Debug|x64
		{BEAAF757-2A6B-738E-F3A5-BC0B5F25B86A}.Release|x64.ActiveCfg = Release|x64
		{BEAAF757-2A6B-738E-F3A5-BC0B5F25B86A}.Release|x64.Build.0 = Release|x64
		{BEAAF757-2A6B-738E-F3A5-BC0B5F25B86A}.Shipping|x64.ActiveCfg = Shipping|x64
		{BEAAF757-2A6B-738E-F3A5-BC0B5F25B86A}.Shipping|x64.Build.0 = Shipping|x64
	EndGlobalSection
	GlobalSection(SolutionProperties) = preSolution
		HideSolutionNode = FALSE
	EndGlobalSection
	GlobalSection(NestedProjects) = preSolution
		{BEAAF757-2A6B-738E-F3A5-BC0B5F25B86A} = {8249BEE1-6EAC-4D86-1732-863C03741909}
	EndGlobalSection
EndGlobal
